
Microsoft Visual Studio Solution File, Format Version 12.00
# Visual Studio Version 17
VisualStudioVersion = 17.8.34330.188
MinimumVisualStudioVersion = 10.0.40219.1
Project("{9A19103F-16F7-4668-BE54-9A1E7A4F7556}") = "SuccessPointCore.Api", "SuccessPointCore.Api\SuccessPointCore.Api.csproj", "{18F54389-F07E-41DF-815D-1E58CBF1E3D5}"
EndProject
Project("{9A19103F-16F7-4668-BE54-9A1E7A4F7556}") = "SuccessPointCore.Domain", "SuccessPointCore.Domain\SuccessPointCore.Domain.csproj", "{A078FE1E-FDD1-403F-A1B9-C3E91F003FF8}"
EndProject
Project("{9A19103F-16F7-4668-BE54-9A1E7A4F7556}") = "SuccessPointCore.Infrastructure", "SuccessPointCore.Infrastructure\SuccessPointCore.Infrastructure.csproj", "{F4640216-DC49-4360-8C4A-FF79B303FCB2}"
EndProject
Project("{9A19103F-16F7-4668-BE54-9A1E7A4F7556}") = "SuccessPointCore.Application", "SuccessPointCore.Application\SuccessPointCore.Application.csproj", "{730186F2-FD8C-4843-90F3-BC500FFF8084}"
EndProject
Global
	GlobalSection(SolutionConfigurationPlatforms) = preSolution
		Debug|Any CPU = Debug|Any CPU
		Release|Any CPU = Release|Any CPU
	EndGlobalSection
	GlobalSection(ProjectConfigurationPlatforms) = postSolution
		{18F54389-F07E-41DF-815D-1E58CBF1E3D5}.Debug|Any CPU.ActiveCfg = Debug|Any CPU
		{18F54389-F07E-41DF-815D-1E58CBF1E3D5}.Debug|Any CPU.Build.0 = Debug|Any CPU
		{18F54389-F07E-41DF-815D-1E58CBF1E3D5}.Release|Any CPU.ActiveCfg = Release|Any CPU
		{18F54389-F07E-41DF-815D-1E58CBF1E3D5}.Release|Any CPU.Build.0 = Release|Any CPU
		{A078FE1E-FDD1-403F-A1B9-C3E91F003FF8}.Debug|Any CPU.ActiveCfg = Debug|Any CPU
		{A078FE1E-FDD1-403F-A1B9-C3E91F003FF8}.Debug|Any CPU.Build.0 = Debug|Any CPU
		{A078FE1E-FDD1-403F-A1B9-C3E91F003FF8}.Release|Any CPU.ActiveCfg = Release|Any CPU
		{A078FE1E-FDD1-403F-A1B9-C3E91F003FF8}.Release|Any CPU.Build.0 = Release|Any CPU
		{F4640216-DC49-4360-8C4A-FF79B303FCB2}.Debug|Any CPU.ActiveCfg = Debug|Any CPU
		{F4640216-DC49-4360-8C4A-FF79B303FCB2}.Debug|Any CPU.Build.0 = Debug|Any CPU
		{F4640216-DC49-4360-8C4A-FF79B303FCB2}.Release|Any CPU.ActiveCfg = Release|Any CPU
		{F4640216-DC49-4360-8C4A-FF79B303FCB2}.Release|Any CPU.Build.0 = Release|Any CPU
		{730186F2-FD8C-4843-90F3-BC500FFF8084}.Debug|Any CPU.ActiveCfg = Debug|Any CPU
		{730186F2-FD8C-4843-90F3-BC500FFF8084}.Debug|Any CPU.Build.0 = Debug|Any CPU
		{730186F2-FD8C-4843-90F3-BC500FFF8084}.Release|Any CPU.ActiveCfg = Release|Any CPU
		{730186F2-FD8C-4843-90F3-BC500FFF8084}.Release|Any CPU.Build.0 = Release|Any CPU
	EndGlobalSection
	GlobalSection(SolutionProperties) = preSolution
		HideSolutionNode = FALSE
	EndGlobalSection
	GlobalSection(ExtensibilityGlobals) = postSolution
		SolutionGuid = {AD2CFA6A-85CC-4997-B7B4-B6807F8061E2}
	EndGlobalSection
EndGlobal
